
Microsoft Visual Studio Solution File, Format Version 12.00
Project("{FAE04EC0-301F-11D3-BF4B-00C04F79EFBC}") = "CombatAssistant", "CombatAssistant\CombatAssistant.csproj", "{25AD7B5E-36B1-4DEF-97E8-6B9C0A9702DB}"
EndProject
Project("{FAE04EC0-301F-11D3-BF4B-00C04F79EFBC}") = "CombatAssistant.Tests", "CombatAssistant.Tests\CombatAssistant.Tests.csproj", "{BEF72BED-4882-41ED-9516-121D07F10B8C}"
EndProject
Project("{FAE04EC0-301F-11D3-BF4B-00C04F79EFBC}") = "Blazor.WebApp", "Blazor.WebApp\Blazor.WebApp\Blazor.WebApp.csproj", "{1B6F972D-1070-43D4-A897-AABF8D4B1898}"
EndProject
Project("{FAE04EC0-301F-11D3-BF4B-00C04F79EFBC}") = "Blazor.WebApp.Client", "Blazor.WebApp\Blazor.WebApp.Client\Blazor.WebApp.Client.csproj", "{2B95EEAC-D74B-41BC-89C3-5BE37186C62A}"
EndProject
Project("{FAE04EC0-301F-11D3-BF4B-00C04F79EFBC}") = "SessionAssistant.API", "SessionAssistant.API\SessionAssistant.API.csproj", "{454924EF-73FF-49F5-848B-928857EB0E12}"
EndProject
Project("{2150E333-8FDC-42A3-9474-1A3956D46DE8}") = "Solution Items", "Solution Items", "{630C50FA-136A-42AB-B060-020C8E41E164}"
	ProjectSection(SolutionItems) = preProject
		docker-compose.yml = docker-compose.yml
	EndProjectSection
EndProject
Global
	GlobalSection(SolutionConfigurationPlatforms) = preSolution
		Debug|Any CPU = Debug|Any CPU
		Release|Any CPU = Release|Any CPU
	EndGlobalSection
	GlobalSection(ProjectConfigurationPlatforms) = postSolution
		{25AD7B5E-36B1-4DEF-97E8-6B9C0A9702DB}.Debug|Any CPU.ActiveCfg = Debug|Any CPU
		{25AD7B5E-36B1-4DEF-97E8-6B9C0A9702DB}.Debug|Any CPU.Build.0 = Debug|Any CPU
		{25AD7B5E-36B1-4DEF-97E8-6B9C0A9702DB}.Release|Any CPU.ActiveCfg = Release|Any CPU
		{25AD7B5E-36B1-4DEF-97E8-6B9C0A9702DB}.Release|Any CPU.Build.0 = Release|Any CPU
		{BEF72BED-4882-41ED-9516-121D07F10B8C}.Debug|Any CPU.ActiveCfg = Debug|Any CPU
		{BEF72BED-4882-41ED-9516-121D07F10B8C}.Debug|Any CPU.Build.0 = Debug|Any CPU
		{BEF72BED-4882-41ED-9516-121D07F10B8C}.Release|Any CPU.ActiveCfg = Release|Any CPU
		{BEF72BED-4882-41ED-9516-121D07F10B8C}.Release|Any CPU.Build.0 = Release|Any CPU
		{1B6F972D-1070-43D4-A897-AABF8D4B1898}.Debug|Any CPU.ActiveCfg = Debug|Any CPU
		{1B6F972D-1070-43D4-A897-AABF8D4B1898}.Debug|Any CPU.Build.0 = Debug|Any CPU
		{1B6F972D-1070-43D4-A897-AABF8D4B1898}.Release|Any CPU.ActiveCfg = Release|Any CPU
		{1B6F972D-1070-43D4-A897-AABF8D4B1898}.Release|Any CPU.Build.0 = Release|Any CPU
		{2B95EEAC-D74B-41BC-89C3-5BE37186C62A}.Debug|Any CPU.ActiveCfg = Debug|Any CPU
		{2B95EEAC-D74B-41BC-89C3-5BE37186C62A}.Debug|Any CPU.Build.0 = Debug|Any CPU
		{2B95EEAC-D74B-41BC-89C3-5BE37186C62A}.Release|Any CPU.ActiveCfg = Release|Any CPU
		{2B95EEAC-D74B-41BC-89C3-5BE37186C62A}.Release|Any CPU.Build.0 = Release|Any CPU
		{454924EF-73FF-49F5-848B-928857EB0E12}.Debug|Any CPU.ActiveCfg = Debug|Any CPU
		{454924EF-73FF-49F5-848B-928857EB0E12}.Debug|Any CPU.Build.0 = Debug|Any CPU
		{454924EF-73FF-49F5-848B-928857EB0E12}.Release|Any CPU.ActiveCfg = Release|Any CPU
		{454924EF-73FF-49F5-848B-928857EB0E12}.Release|Any CPU.Build.0 = Release|Any CPU
	EndGlobalSection
EndGlobal
